
Microsoft Visual Studio Solution File, Format Version 12.00
# Visual Studio Version 17
VisualStudioVersion = 17.11.35222.181
MinimumVisualStudioVersion = 10.0.40219.1
Project("{FAE04EC0-301F-11D3-BF4B-00C04F79EFBC}") = "student", "student\student.csproj", "{4FF0154F-566A-4186-93B3-75EF4B4BA0FE}"
EndProject
Global
	GlobalSection(SolutionConfigurationPlatforms) = preSolution
		Debug|Any CPU = Debug|Any CPU
		Release|Any CPU = Release|Any CPU
	EndGlobalSection
	GlobalSection(ProjectConfigurationPlatforms) = postSolution
		{4FF0154F-566A-4186-93B3-75EF4B4BA0FE}.Debug|Any CPU.ActiveCfg = Debug|Any CPU
		{4FF0154F-566A-4186-93B3-75EF4B4BA0FE}.Debug|Any CPU.Build.0 = Debug|Any CPU
		{4FF0154F-566A-4186-93B3-75EF4B4BA0FE}.Release|Any CPU.ActiveCfg = Release|Any CPU
		{4FF0154F-566A-4186-93B3-75EF4B4BA0FE}.Release|Any CPU.Build.0 = Release|Any CPU
	EndGlobalSection
	GlobalSection(SolutionProperties) = preSolution
		HideSolutionNode = FALSE
	EndGlobalSection
	GlobalSection(ExtensibilityGlobals) = postSolution
		SolutionGuid = {49B6040E-CC12-48F8-89D9-EA2EB89A9C0A}
	EndGlobalSection
EndGlobal
